// !$*UTF8*$!
{
	archiveVersion = 1;
	classes = {
	};
	objectVersion = 50;
	objects = {

/* Begin PBXBuildFile section */
		A713A16323F283E200060653 /* AppDelegate.swift in Sources */ = {isa = PBXBuildFile; fileRef = A713A16223F283E200060653 /* AppDelegate.swift */; };
		A713A16523F283E200060653 /* SceneDelegate.swift in Sources */ = {isa = PBXBuildFile; fileRef = A713A16423F283E200060653 /* SceneDelegate.swift */; };
		A713A16723F283E200060653 /* ViewController.swift in Sources */ = {isa = PBXBuildFile; fileRef = A713A16623F283E200060653 /* ViewController.swift */; };
		A713A16A23F283E200060653 /* Main.storyboard in Resources */ = {isa = PBXBuildFile; fileRef = A713A16823F283E200060653 /* Main.storyboard */; };
		A713A16C23F283E300060653 /* Assets.xcassets in Resources */ = {isa = PBXBuildFile; fileRef = A713A16B23F283E300060653 /* Assets.xcassets */; };
		A713A16F23F283E300060653 /* LaunchScreen.storyboard in Resources */ = {isa = PBXBuildFile; fileRef = A713A16D23F283E300060653 /* LaunchScreen.storyboard */; };
		A713A18023F28B4200060653 /* DogAPI.swift in Sources */ = {isa = PBXBuildFile; fileRef = A713A17F23F28B4200060653 /* DogAPI.swift */; };
/* End PBXBuildFile section */

/* Begin PBXFileReference section */
		A713A15F23F283E200060653 /* Network-API_Randog.app */ = {isa = PBXFileReference; explicitFileType = wrapper.application; includeInIndex = 0; path = "Network-API_Randog.app"; sourceTree = BUILT_PRODUCTS_DIR; };
		A713A16223F283E200060653 /* AppDelegate.swift */ = {isa = PBXFileReference; lastKnownFileType = sourcecode.swift; path = AppDelegate.swift; sourceTree = "<group>"; };
		A713A16423F283E200060653 /* SceneDelegate.swift */ = {isa = PBXFileReference; lastKnownFileType = sourcecode.swift; path = SceneDelegate.swift; sourceTree = "<group>"; };
		A713A16623F283E200060653 /* ViewController.swift */ = {isa = PBXFileReference; lastKnownFileType = sourcecode.swift; path = ViewController.swift; sourceTree = "<group>"; };
		A713A16923F283E200060653 /* Base */ = {isa = PBXFileReference; lastKnownFileType = file.storyboard; name = Base; path = Base.lproj/Main.storyboard; sourceTree = "<group>"; };
		A713A16B23F283E300060653 /* Assets.xcassets */ = {isa = PBXFileReference; lastKnownFileType = folder.assetcatalog; path = Assets.xcassets; sourceTree = "<group>"; };
		A713A16E23F283E300060653 /* Base */ = {isa = PBXFileReference; lastKnownFileType = file.storyboard; name = Base; path = Base.lproj/LaunchScreen.storyboard; sourceTree = "<group>"; };
		A713A17023F283E300060653 /* Info.plist */ = {isa = PBXFileReference; lastKnownFileType = text.plist.xml; path = Info.plist; sourceTree = "<group>"; };
		A713A17F23F28B4200060653 /* DogAPI.swift */ = {isa = PBXFileReference; fileEncoding = 4; lastKnownFileType = sourcecode.swift; path = DogAPI.swift; sourceTree = "<group>"; };
/* End PBXFileReference section */

/* Begin PBXFrameworksBuildPhase section */
		A713A15C23F283E200060653 /* Frameworks */ = {
			isa = PBXFrameworksBuildPhase;
			buildActionMask = 2147483647;
			files = (
			);
			runOnlyForDeploymentPostprocessing = 0;
		};
/* End PBXFrameworksBuildPhase section */

/* Begin PBXGroup section */
		A713A15623F283E200060653 = {
			isa = PBXGroup;
			children = (
				A713A16123F283E200060653 /* Network-API_Randog */,
				A713A16023F283E200060653 /* Products */,
			);
			sourceTree = "<group>";
		};
		A713A16023F283E200060653 /* Products */ = {
			isa = PBXGroup;
			children = (
				A713A15F23F283E200060653 /* Network-API_Randog.app */,
			);
			name = Products;
			sourceTree = "<group>";
		};
		A713A16123F283E200060653 /* Network-API_Randog */ = {
			isa = PBXGroup;
			children = (
				A713A17E23F28A6300060653 /* Model */,
				A713A17723F2840500060653 /* Controller */,
				A713A17623F283F300060653 /* View */,
				A713A17023F283E300060653 /* Info.plist */,
			);
			path = "Network-API_Randog";
			sourceTree = "<group>";
		};
		A713A17623F283F300060653 /* View */ = {
			isa = PBXGroup;
			children = (
				A713A16823F283E200060653 /* Main.storyboard */,
				A713A16B23F283E300060653 /* Assets.xcassets */,
				A713A16D23F283E300060653 /* LaunchScreen.storyboard */,
			);
			path = View;
			sourceTree = "<group>";
		};
		A713A17723F2840500060653 /* Controller */ = {
			isa = PBXGroup;
			children = (
				A713A16223F283E200060653 /* AppDelegate.swift */,
				A713A16423F283E200060653 /* SceneDelegate.swift */,
				A713A16623F283E200060653 /* ViewController.swift */,
			);
			path = Controller;
			sourceTree = "<group>";
		};
		A713A17E23F28A6300060653 /* Model */ = {
			isa = PBXGroup;
			children = (
				A713A17F23F28B4200060653 /* DogAPI.swift */,
			);
			path = Model;
			sourceTree = "<group>";
		};
/* End PBXGroup section */

/* Begin PBXNativeTarget section */
		A713A15E23F283E200060653 /* Network-API_Randog */ = {
			isa = PBXNativeTarget;
			buildConfigurationList = A713A17323F283E300060653 /* Build configuration list for PBXNativeTarget "Network-API_Randog" */;
			buildPhases = (
				A713A15B23F283E200060653 /* Sources */,
				A713A15C23F283E200060653 /* Frameworks */,
				A713A15D23F283E200060653 /* Resources */,
			);
			buildRules = (
			);
			dependencies = (
			);
			name = "Network-API_Randog";
			productName = "Network-API_Randog";
			productReference = A713A15F23F283E200060653 /* Network-API_Randog.app */;
			productType = "com.apple.product-type.application";
		};
/* End PBXNativeTarget section */

/* Begin PBXProject section */
		A713A15723F283E200060653 /* Project object */ = {
			isa = PBXProject;
			attributes = {
				LastSwiftUpdateCheck = 1130;
				LastUpgradeCheck = 1130;
				ORGANIZATIONNAME = "Flow Lab";
				TargetAttributes = {
					A713A15E23F283E200060653 = {
						CreatedOnToolsVersion = 11.3.1;
					};
				};
			};
			buildConfigurationList = A713A15A23F283E200060653 /* Build configuration list for PBXProject "Network-API_Randog" */;
			compatibilityVersion = "Xcode 9.3";
			developmentRegion = en;
			hasScannedForEncodings = 0;
			knownRegions = (
				en,
				Base,
			);
			mainGroup = A713A15623F283E200060653;
			productRefGroup = A713A16023F283E200060653 /* Products */;
			projectDirPath = "";
			projectRoot = "";
			targets = (
				A713A15E23F283E200060653 /* Network-API_Randog */,
			);
		};
/* End PBXProject section */

/* Begin PBXResourcesBuildPhase section */
		A713A15D23F283E200060653 /* Resources */ = {
			isa = PBXResourcesBuildPhase;
			buildActionMask = 2147483647;
			files = (
				A713A16F23F283E300060653 /* LaunchScreen.storyboard in Resources */,
				A713A16C23F283E300060653 /* Assets.xcassets in Resources */,
				A713A16A23F283E200060653 /* Main.storyboard in Resources */,
			);
			runOnlyForDeploymentPostprocessing = 0;
		};
/* End PBXResourcesBuildPhase section */

/* Begin PBXSourcesBuildPhase section */
		A713A15B23F283E200060653 /* Sources */ = {
			isa = PBXSourcesBuildPhase;
			buildActionMask = 2147483647;
			files = (
				A713A16723F283E200060653 /* ViewController.swift in Sources */,
				A713A16323F283E200060653 /* AppDelegate.swift in Sources */,
				A713A16523F283E200060653 /* SceneDelegate.swift in Sources */,
				A713A18023F28B4200060653 /* DogAPI.swift in Sources */,
			);
			runOnlyForDeploymentPostprocessing = 0;
		};
/* End PBXSourcesBuildPhase section */

/* Begin PBXVariantGroup section */
		A713A16823F283E200060653 /* Main.storyboard */ = {
			isa = PBXVariantGroup;
			children = (
				A713A16923F283E200060653 /* Base */,
			);
			name = Main.storyboard;
			sourceTree = "<group>";
		};
		A713A16D23F283E300060653 /* LaunchScreen.storyboard */ = {
			isa = PBXVariantGroup;
			children = (
				A713A16E23F283E300060653 /* Base */,
			);
			name = LaunchScreen.storyboard;
			sourceTree = "<group>";
		};
/* End PBXVariantGroup section */

/* Begin XCBuildConfiguration section */
		A713A17123F283E300060653 /* Debug */ = {
			isa = XCBuildConfiguration;
			buildSettings = {
				ALWAYS_SEARCH_USER_PATHS = NO;
				CLANG_ANALYZER_NONNULL = YES;
				CLANG_ANALYZER_NUMBER_OBJECT_CONVERSION = YES_AGGRESSIVE;
				CLANG_CXX_LANGUAGE_STANDARD = "gnu++14";
				CLANG_CXX_LIBRARY = "libc++";
				CLANG_ENABLE_MODULES = YES;
				CLANG_ENABLE_OBJC_ARC = YES;
				CLANG_ENABLE_OBJC_WEAK = YES;
				CLANG_WARN_BLOCK_CAPTURE_AUTORELEASING = YES;
				CLANG_WARN_BOOL_CONVERSION = YES;
				CLANG_WARN_COMMA = YES;
				CLANG_WARN_CONSTANT_CONVERSION = YES;
				CLANG_WARN_DEPRECATED_OBJC_IMPLEMENTATIONS = YES;
				CLANG_WARN_DIRECT_OBJC_ISA_USAGE = YES_ERROR;
				CLANG_WARN_DOCUMENTATION_COMMENTS = YES;
				CLANG_WARN_EMPTY_BODY = YES;
				CLANG_WARN_ENUM_CONVERSION = YES;
				CLANG_WARN_INFINITE_RECURSION = YES;
				CLANG_WARN_INT_CONVERSION = YES;
				CLANG_WARN_NON_LITERAL_NULL_CONVERSION = YES;
				CLANG_WARN_OBJC_IMPLICIT_RETAIN_SELF = YES;
				CLANG_WARN_OBJC_LITERAL_CONVERSION = YES;
				CLANG_WARN_OBJC_ROOT_CLASS = YES_ERROR;
				CLANG_WARN_RANGE_LOOP_ANALYSIS = YES;
				CLANG_WARN_STRICT_PROTOTYPES = YES;
				CLANG_WARN_SUSPICIOUS_MOVE = YES;
				CLANG_WARN_UNGUARDED_AVAILABILITY = YES_AGGRESSIVE;
				CLANG_WARN_UNREACHABLE_CODE = YES;
				CLANG_WARN__DUPLICATE_METHOD_MATCH = YES;
				COPY_PHASE_STRIP = NO;
				DEBUG_INFORMATION_FORMAT = dwarf;
				ENABLE_STRICT_OBJC_MSGSEND = YES;
				ENABLE_TESTABILITY = YES;
				GCC_C_LANGUAGE_STANDARD = gnu11;
				GCC_DYNAMIC_NO_PIC = NO;
				GCC_NO_COMMON_BLOCKS = YES;
				GCC_OPTIMIZATION_LEVEL = 0;
				GCC_PREPROCESSOR_DEFINITIONS = (
					"DEBUG=1",
					"$(inherited)",
				);
				GCC_WARN_64_TO_32_BIT_CONVERSION = YES;
				GCC_WARN_ABOUT_RETURN_TYPE = YES_ERROR;
				GCC_WARN_UNDECLARED_SELECTOR = YES;
				GCC_WARN_UNINITIALIZED_AUTOS = YES_AGGRESSIVE;
				GCC_WARN_UNUSED_FUNCTION = YES;
				GCC_WARN_UNUSED_VARIABLE = YES;
				IPHONEOS_DEPLOYMENT_TARGET = 13.2;
				MTL_ENABLE_DEBUG_INFO = INCLUDE_SOURCE;
				MTL_FAST_MATH = YES;
				ONLY_ACTIVE_ARCH = YES;
				SDKROOT = iphoneos;
				SWIFT_ACTIVE_COMPILATION_CONDITIONS = DEBUG;
				SWIFT_OPTIMIZATION_LEVEL = "-Onone";
			};
			name = Debug;
		};
		A713A17223F283E300060653 /* Release */ = {
			isa = XCBuildConfiguration;
			buildSettings = {
				ALWAYS_SEARCH_USER_PATHS = NO;
				CLANG_ANALYZER_NONNULL = YES;
				CLANG_ANALYZER_NUMBER_OBJECT_CONVERSION = YES_AGGRESSIVE;
				CLANG_CXX_LANGUAGE_STANDARD = "gnu++14";
				CLANG_CXX_LIBRARY = "libc++";
				CLANG_ENABLE_MODULES = YES;
				CLANG_ENABLE_OBJC_ARC = YES;
				CLANG_ENABLE_OBJC_WEAK = YES;
				CLANG_WARN_BLOCK_CAPTURE_AUTORELEASING = YES;
				CLANG_WARN_BOOL_CONVERSION = YES;
				CLANG_WARN_COMMA = YES;
				CLANG_WARN_CONSTANT_CONVERSION = YES;
				CLANG_WARN_DEPRECATED_OBJC_IMPLEMENTATIONS = YES;
				CLANG_WARN_DIRECT_OBJC_ISA_USAGE = YES_ERROR;
				CLANG_WARN_DOCUMENTATION_COMMENTS = YES;
				CLANG_WARN_EMPTY_BODY = YES;
				CLANG_WARN_ENUM_CONVERSION = YES;
				CLANG_WARN_INFINITE_RECURSION = YES;
				CLANG_WARN_INT_CONVERSION = YES;
				CLANG_WARN_NON_LITERAL_NULL_CONVERSION = YES;
				CLANG_WARN_OBJC_IMPLICIT_RETAIN_SELF = YES;
				CLANG_WARN_OBJC_LITERAL_CONVERSION = YES;
				CLANG_WARN_OBJC_ROOT_CLASS = YES_ERROR;
				CLANG_WARN_RANGE_LOOP_ANALYSIS = YES;
				CLANG_WARN_STRICT_PROTOTYPES = YES;
				CLANG_WARN_SUSPICIOUS_MOVE = YES;
				CLANG_WARN_UNGUARDED_AVAILABILITY = YES_AGGRESSIVE;
				CLANG_WARN_UNREACHABLE_CODE = YES;
				CLANG_WARN__DUPLICATE_METHOD_MATCH = YES;
				COPY_PHASE_STRIP = NO;
				DEBUG_INFORMATION_FORMAT = "dwarf-with-dsym";
				ENABLE_NS_ASSERTIONS = NO;
				ENABLE_STRICT_OBJC_MSGSEND = YES;
				GCC_C_LANGUAGE_STANDARD = gnu11;
				GCC_NO_COMMON_BLOCKS = YES;
				GCC_WARN_64_TO_32_BIT_CONVERSION = YES;
				GCC_WARN_ABOUT_RETURN_TYPE = YES_ERROR;
				GCC_WARN_UNDECLARED_SELECTOR = YES;
				GCC_WARN_UNINITIALIZED_AUTOS = YES_AGGRESSIVE;
				GCC_WARN_UNUSED_FUNCTION = YES;
				GCC_WARN_UNUSED_VARIABLE = YES;
				IPHONEOS_DEPLOYMENT_TARGET = 13.2;
				MTL_ENABLE_DEBUG_INFO = NO;
				MTL_FAST_MATH = YES;
				SDKROOT = iphoneos;
				SWIFT_COMPILATION_MODE = wholemodule;
				SWIFT_OPTIMIZATION_LEVEL = "-O";
				VALIDATE_PRODUCT = YES;
			};
			name = Release;
		};
		A713A17423F283E300060653 /* Debug */ = {
			isa = XCBuildConfiguration;
			buildSettings = {
				ASSETCATALOG_COMPILER_APPICON_NAME = AppIcon;
				CODE_SIGN_STYLE = Automatic;
				INFOPLIST_FILE = "Network-API_Randog/Info.plist";
				LD_RUNPATH_SEARCH_PATHS = (
					"$(inherited)",
					"@executable_path/Frameworks",
				);
				PRODUCT_BUNDLE_IDENTIFIER = "iOS.Network-API-Randog";
				PRODUCT_NAME = "$(TARGET_NAME)";
				SWIFT_VERSION = 5.0;
				TARGETED_DEVICE_FAMILY = "1,2";
			};
			name = Debug;
		};
		A713A17523F283E300060653 /* Release */ = {
			isa = XCBuildConfiguration;
			buildSettings = {
				ASSETCATALOG_COMPILER_APPICON_NAME = AppIcon;
				CODE_SIGN_STYLE = Automatic;
				INFOPLIST_FILE = "Network-API_Randog/Info.plist";
				LD_RUNPATH_SEARCH_PATHS = (
					"$(inherited)",
					"@executable_path/Frameworks",
				);
				PRODUCT_BUNDLE_IDENTIFIER = "iOS.Network-API-Randog";
				PRODUCT_NAME = "$(TARGET_NAME)";
				SWIFT_VERSION = 5.0;
				TARGETED_DEVICE_FAMILY = "1,2";
			};
			name = Release;
		};
/* End XCBuildConfiguration section */

/* Begin XCConfigurationList section */
		A713A15A23F283E200060653 /* Build configuration list for PBXProject "Network-API_Randog" */ = {
			isa = XCConfigurationList;
			buildConfigurations = (
				A713A17123F283E300060653 /* Debug */,
				A713A17223F283E300060653 /* Release */,
			);
			defaultConfigurationIsVisible = 0;
			defaultConfigurationName = Release;
		};
		A713A17323F283E300060653 /* Build configuration list for PBXNativeTarget "Network-API_Randog" */ = {
			isa = XCConfigurationList;
			buildConfigurations = (
				A713A17423F283E300060653 /* Debug */,
				A713A17523F283E300060653 /* Release */,
			);
			defaultConfigurationIsVisible = 0;
			defaultConfigurationName = Release;
		};
/* End XCConfigurationList section */
	};
	rootObject = A713A15723F283E200060653 /* Project object */;
}
